
Microsoft Visual Studio Solution File, Format Version 12.00
# Visual Studio Version 17
VisualStudioVersion = 17.2.32516.85
MinimumVisualStudioVersion = 10.0.40219.1
Project("{9A19103F-16F7-4668-BE54-9A1E7A4F7556}") = "Registration.Client", "Registration.Client\Registration.Client.csproj", "{83B3643E-44BF-4D0B-B561-10B9D9E4783B}"
EndProject
Project("{9A19103F-16F7-4668-BE54-9A1E7A4F7556}") = "Registration.Shared", "Registration.Shared\Registration.Shared.csproj", "{68D8FA8D-E7F5-477C-B148-C95B0DC9B4FD}"
EndProject
Project("{9A19103F-16F7-4668-BE54-9A1E7A4F7556}") = "Registration.Server", "Registration.Server\Registration.Server.csproj", "{A3F542DB-CE22-4E6F-85B2-63D396C5C992}"
EndProject
Global
	GlobalSection(SolutionConfigurationPlatforms) = preSolution
		Debug|Any CPU = Debug|Any CPU
		Release|Any CPU = Release|Any CPU
	EndGlobalSection
	GlobalSection(ProjectConfigurationPlatforms) = postSolution
		{83B3643E-44BF-4D0B-B561-10B9D9E4783B}.Debug|Any CPU.ActiveCfg = Debug|Any CPU
		{83B3643E-44BF-4D0B-B561-10B9D9E4783B}.Debug|Any CPU.Build.0 = Debug|Any CPU
		{83B3643E-44BF-4D0B-B561-10B9D9E4783B}.Release|Any CPU.ActiveCfg = Release|Any CPU
		{83B3643E-44BF-4D0B-B561-10B9D9E4783B}.Release|Any CPU.Build.0 = Release|Any CPU
		{68D8FA8D-E7F5-477C-B148-C95B0DC9B4FD}.Debug|Any CPU.ActiveCfg = Debug|Any CPU
		{68D8FA8D-E7F5-477C-B148-C95B0DC9B4FD}.Debug|Any CPU.Build.0 = Debug|Any CPU
		{68D8FA8D-E7F5-477C-B148-C95B0DC9B4FD}.Release|Any CPU.ActiveCfg = Release|Any CPU
		{68D8FA8D-E7F5-477C-B148-C95B0DC9B4FD}.Release|Any CPU.Build.0 = Release|Any CPU
		{A3F542DB-CE22-4E6F-85B2-63D396C5C992}.Debug|Any CPU.ActiveCfg = Debug|Any CPU
		{A3F542DB-CE22-4E6F-85B2-63D396C5C992}.Debug|Any CPU.Build.0 = Debug|Any CPU
		{A3F542DB-CE22-4E6F-85B2-63D396C5C992}.Release|Any CPU.ActiveCfg = Release|Any CPU
		{A3F542DB-CE22-4E6F-85B2-63D396C5C992}.Release|Any CPU.Build.0 = Release|Any CPU
	EndGlobalSection
	GlobalSection(SolutionProperties) = preSolution
		HideSolutionNode = FALSE
	EndGlobalSection
	GlobalSection(ExtensibilityGlobals) = postSolution
		SolutionGuid = {4EAABA26-098B-4095-A15C-0C3C320A89C0}
	EndGlobalSection
EndGlobal
